golang.org/x/sys v0.4.0 h1:Zr2JFtRQNX3BCZ8YtxRE9hNJYC8J6I1MVbMg6owUp18=
golang.org/x/time v0.0.0-20220210224613-90d013bbcef8 h1:vVKdlvoWBphwdxWKrFZEuM0kGgGLxUOYcY4U/2Vjg44=
gvisor.dev/gvisor v0.0.0-20230531054819-543a60e4a13d h1:eAQqExr3yqPNRqvIgwfgp7tSqSqAmJDnHekcWXJxX/I=
gvisor.dev/gvisor v0.0.0-20230531054819-543a60e4a13d/go.mod h1:sQuqOkxbfJq/GS2uSnqHphtXclHyk/ZrAGhZBxxsq6g=
